
Microsoft Visual Studio Solution File, Format Version 12.00
# Visual Studio Version 16
VisualStudioVersion = 16.0.29209.62
MinimumVisualStudioVersion = 10.0.40219.1
Project("{2150E333-8FDC-42A3-9474-1A3956D46DE8}") = "01.Presentation", "01.Presentation", "{99316DC9-6B1C-4C19-8E49-9E9470E61983}"
EndProject
Project("{2150E333-8FDC-42A3-9474-1A3956D46DE8}") = "02.Application", "02.Application", "{C59BD835-D418-45C6-84DC-5FA630FF59CF}"
EndProject
Project("{2150E333-8FDC-42A3-9474-1A3956D46DE8}") = "03.Domain", "03.Domain", "{B193EC20-1C11-4E71-A2F0-E952409255AF}"
EndProject
Project("{2150E333-8FDC-42A3-9474-1A3956D46DE8}") = "04.Infrastructure", "04.Infrastructure", "{341CDAAF-EA1F-4EE6-B6D9-2098FF38FE94}"
EndProject
Project("{2150E333-8FDC-42A3-9474-1A3956D46DE8}") = "04.01 Repository", "04.01 Repository", "{5D653084-16D0-4701-8353-563CD9413BC1}"
EndProject
Project("{2150E333-8FDC-42A3-9474-1A3956D46DE8}") = "04.02 Library", "04.02 Library", "{CD361558-788B-40A4-BB29-E0C8A0C3ECC8}"
EndProject
Project("{FAE04EC0-301F-11D3-BF4B-00C04F79EFBC}") = "ExemploDDD.Domain", "ExemploDDD.Domain\ExemploDDD.Domain.csproj", "{DBD73ACC-6973-4B67-8A9C-F6A4907650AC}"
EndProject
Project("{FAE04EC0-301F-11D3-BF4B-00C04F79EFBC}") = "ExemploDDD.Repository", "ExemploDDD.Repository\ExemploDDD.Repository.csproj", "{3ADBAF4D-861C-42E8-BFFB-B09122F59F65}"
EndProject
Project("{FAE04EC0-301F-11D3-BF4B-00C04F79EFBC}") = "ExemploDDD.ApplicationServices", "ExemploDDD.ApplicationServices\ExemploDDD.ApplicationServices.csproj", "{7E5EFE27-C51E-4DA6-BCEB-711D14EFCD1E}"
EndProject
Project("{FAE04EC0-301F-11D3-BF4B-00C04F79EFBC}") = "EmpresaDDD.UI.Web", "EmpresaDDD.UI.Web\EmpresaDDD.UI.Web.csproj", "{64FFC6DF-AD2D-4BA5-BBB9-D4E33FFF87D4}"
EndProject
Global
	GlobalSection(SolutionConfigurationPlatforms) = preSolution
		Debug|Any CPU = Debug|Any CPU
		Release|Any CPU = Release|Any CPU
	EndGlobalSection
	GlobalSection(ProjectConfigurationPlatforms) = postSolution
		{DBD73ACC-6973-4B67-8A9C-F6A4907650AC}.Debug|Any CPU.ActiveCfg = Debug|Any CPU
		{DBD73ACC-6973-4B67-8A9C-F6A4907650AC}.Debug|Any CPU.Build.0 = Debug|Any CPU
		{DBD73ACC-6973-4B67-8A9C-F6A4907650AC}.Release|Any CPU.ActiveCfg = Release|Any CPU
		{DBD73ACC-6973-4B67-8A9C-F6A4907650AC}.Release|Any CPU.Build.0 = Release|Any CPU
		{3ADBAF4D-861C-42E8-BFFB-B09122F59F65}.Debug|Any CPU.ActiveCfg = Debug|Any CPU
		{3ADBAF4D-861C-42E8-BFFB-B09122F59F65}.Debug|Any CPU.Build.0 = Debug|Any CPU
		{3ADBAF4D-861C-42E8-BFFB-B09122F59F65}.Release|Any CPU.ActiveCfg = Release|Any CPU
		{3ADBAF4D-861C-42E8-BFFB-B09122F59F65}.Release|Any CPU.Build.0 = Release|Any CPU
		{7E5EFE27-C51E-4DA6-BCEB-711D14EFCD1E}.Debug|Any CPU.ActiveCfg = Debug|Any CPU
		{7E5EFE27-C51E-4DA6-BCEB-711D14EFCD1E}.Debug|Any CPU.Build.0 = Debug|Any CPU
		{7E5EFE27-C51E-4DA6-BCEB-711D14EFCD1E}.Release|Any CPU.ActiveCfg = Release|Any CPU
		{7E5EFE27-C51E-4DA6-BCEB-711D14EFCD1E}.Release|Any CPU.Build.0 = Release|Any CPU
		{64FFC6DF-AD2D-4BA5-BBB9-D4E33FFF87D4}.Debug|Any CPU.ActiveCfg = Debug|Any CPU
		{64FFC6DF-AD2D-4BA5-BBB9-D4E33FFF87D4}.Debug|Any CPU.Build.0 = Debug|Any CPU
		{64FFC6DF-AD2D-4BA5-BBB9-D4E33FFF87D4}.Release|Any CPU.ActiveCfg = Release|Any CPU
		{64FFC6DF-AD2D-4BA5-BBB9-D4E33FFF87D4}.Release|Any CPU.Build.0 = Release|Any CPU
	EndGlobalSection
	GlobalSection(SolutionProperties) = preSolution
		HideSolutionNode = FALSE
	EndGlobalSection
	GlobalSection(NestedProjects) = preSolution
		{5D653084-16D0-4701-8353-563CD9413BC1} = {341CDAAF-EA1F-4EE6-B6D9-2098FF38FE94}
		{CD361558-788B-40A4-BB29-E0C8A0C3ECC8} = {341CDAAF-EA1F-4EE6-B6D9-2098FF38FE94}
		{DBD73ACC-6973-4B67-8A9C-F6A4907650AC} = {B193EC20-1C11-4E71-A2F0-E952409255AF}
		{3ADBAF4D-861C-42E8-BFFB-B09122F59F65} = {5D653084-16D0-4701-8353-563CD9413BC1}
		{7E5EFE27-C51E-4DA6-BCEB-711D14EFCD1E} = {C59BD835-D418-45C6-84DC-5FA630FF59CF}
		{64FFC6DF-AD2D-4BA5-BBB9-D4E33FFF87D4} = {99316DC9-6B1C-4C19-8E49-9E9470E61983}
	EndGlobalSection
	GlobalSection(ExtensibilityGlobals) = postSolution
		SolutionGuid = {FE36581B-66E6-4C5C-81CB-240895C5D5DD}
	EndGlobalSection
EndGlobal
